// !$*UTF8*$!
{
	archiveVersion = 1;
	classes = {
	};
	objectVersion = 56;
	objects = {

/* Begin PBXBuildFile section */
		891216862A8E46C70071987F /* Captalize.swift in Sources */ = {isa = PBXBuildFile; fileRef = 891216852A8E46C70071987F /* Captalize.swift */; };
		892D53E82A8A90CA0039E9D4 /* home.swift in Sources */ = {isa = PBXBuildFile; fileRef = 892D53E72A8A90CA0039E9D4 /* home.swift */; };
		892D53F22A8AA24A0039E9D4 /* Colors.xcassets in Resources */ = {isa = PBXBuildFile; fileRef = 892D53F12A8AA24A0039E9D4 /* Colors.xcassets */; };
		894C23E52A8E8BE000CF4F82 /* HomeList.swift in Sources */ = {isa = PBXBuildFile; fileRef = 894C23E42A8E8BE000CF4F82 /* HomeList.swift */; };
		894C23E82A8E927D00CF4F82 /* Load.swift in Sources */ = {isa = PBXBuildFile; fileRef = 894C23E72A8E927D00CF4F82 /* Load.swift */; };
		894C23EA2A8E95EC00CF4F82 /* HomeImage.swift in Sources */ = {isa = PBXBuildFile; fileRef = 894C23E92A8E95EC00CF4F82 /* HomeImage.swift */; };
		894C23ED2A8E9F2100CF4F82 /* TypesPokemon.swift in Sources */ = {isa = PBXBuildFile; fileRef = 894C23EC2A8E9F2100CF4F82 /* TypesPokemon.swift */; };
		894C23EF2A8EA10F00CF4F82 /* GetColorByType.swift in Sources */ = {isa = PBXBuildFile; fileRef = 894C23EE2A8EA10F00CF4F82 /* GetColorByType.swift */; };
		894C23F12A8EACB100CF4F82 /* Hexadecimal.swift in Sources */ = {isa = PBXBuildFile; fileRef = 894C23F02A8EACB100CF4F82 /* Hexadecimal.swift */; };
		8950BC482A8524280072B07C /* PokemonApp.swift in Sources */ = {isa = PBXBuildFile; fileRef = 8950BC472A8524280072B07C /* PokemonApp.swift */; };
		8950BC4C2A8524280072B07C /* Assets.xcassets in Resources */ = {isa = PBXBuildFile; fileRef = 8950BC4B2A8524280072B07C /* Assets.xcassets */; };
		8950BC4F2A8524280072B07C /* Preview Assets.xcassets in Resources */ = {isa = PBXBuildFile; fileRef = 8950BC4E2A8524280072B07C /* Preview Assets.xcassets */; };
		896AF1252A8CF255004A6818 /* Pokemon.swift in Sources */ = {isa = PBXBuildFile; fileRef = 896AF1242A8CF255004A6818 /* Pokemon.swift */; };
		896AF1272A8CF266004A6818 /* Sprites.swift in Sources */ = {isa = PBXBuildFile; fileRef = 896AF1262A8CF266004A6818 /* Sprites.swift */; };
		896AF12A2A8CF303004A6818 /* AllPokes.swift in Sources */ = {isa = PBXBuildFile; fileRef = 896AF1292A8CF303004A6818 /* AllPokes.swift */; };
		896AF1302A8CF3A7004A6818 /* Api.swift in Sources */ = {isa = PBXBuildFile; fileRef = 896AF12F2A8CF3A7004A6818 /* Api.swift */; };
		896AF1362A8CF47B004A6818 /* HomeListItem.swift in Sources */ = {isa = PBXBuildFile; fileRef = 896AF1352A8CF47B004A6818 /* HomeListItem.swift */; };
		896AF1392A8D2E80004A6818 /* PokeViewModel.swift in Sources */ = {isa = PBXBuildFile; fileRef = 896AF1382A8D2E80004A6818 /* PokeViewModel.swift */; };
		89FD376B2A8BD9F100081D61 /* HomeViewModel.swift in Sources */ = {isa = PBXBuildFile; fileRef = 89FD376A2A8BD9F100081D61 /* HomeViewModel.swift */; };
/* End PBXBuildFile section */

/* Begin PBXFileReference section */
		891216852A8E46C70071987F /* Captalize.swift */ = {isa = PBXFileReference; lastKnownFileType = sourcecode.swift; path = Captalize.swift; sourceTree = "<group>"; };
		892D53E72A8A90CA0039E9D4 /* home.swift */ = {isa = PBXFileReference; lastKnownFileType = sourcecode.swift; path = home.swift; sourceTree = "<group>"; };
		892D53F12A8AA24A0039E9D4 /* Colors.xcassets */ = {isa = PBXFileReference; lastKnownFileType = folder.assetcatalog; path = Colors.xcassets; sourceTree = "<group>"; };
		894C23E42A8E8BE000CF4F82 /* HomeList.swift */ = {isa = PBXFileReference; lastKnownFileType = sourcecode.swift; path = HomeList.swift; sourceTree = "<group>"; };
		894C23E72A8E927D00CF4F82 /* Load.swift */ = {isa = PBXFileReference; lastKnownFileType = sourcecode.swift; path = Load.swift; sourceTree = "<group>"; };
		894C23E92A8E95EC00CF4F82 /* HomeImage.swift */ = {isa = PBXFileReference; lastKnownFileType = sourcecode.swift; path = HomeImage.swift; sourceTree = "<group>"; };
		894C23EC2A8E9F2100CF4F82 /* TypesPokemon.swift */ = {isa = PBXFileReference; lastKnownFileType = sourcecode.swift; path = TypesPokemon.swift; sourceTree = "<group>"; };
		894C23EE2A8EA10F00CF4F82 /* GetColorByType.swift */ = {isa = PBXFileReference; lastKnownFileType = sourcecode.swift; path = GetColorByType.swift; sourceTree = "<group>"; };
		894C23F02A8EACB100CF4F82 /* Hexadecimal.swift */ = {isa = PBXFileReference; lastKnownFileType = sourcecode.swift; path = Hexadecimal.swift; sourceTree = "<group>"; };
		8950BC442A8524280072B07C /* Pokemon.app */ = {isa = PBXFileReference; explicitFileType = wrapper.application; includeInIndex = 0; path = Pokemon.app; sourceTree = BUILT_PRODUCTS_DIR; };
		8950BC472A8524280072B07C /* PokemonApp.swift */ = {isa = PBXFileReference; lastKnownFileType = sourcecode.swift; path = PokemonApp.swift; sourceTree = "<group>"; };
		8950BC4B2A8524280072B07C /* Assets.xcassets */ = {isa = PBXFileReference; lastKnownFileType = folder.assetcatalog; path = Assets.xcassets; sourceTree = "<group>"; };
		8950BC4E2A8524280072B07C /* Preview Assets.xcassets */ = {isa = PBXFileReference; lastKnownFileType = folder.assetcatalog; path = "Preview Assets.xcassets"; sourceTree = "<group>"; };
		896AF1242A8CF255004A6818 /* Pokemon.swift */ = {isa = PBXFileReference; lastKnownFileType = sourcecode.swift; path = Pokemon.swift; sourceTree = "<group>"; };
		896AF1262A8CF266004A6818 /* Sprites.swift */ = {isa = PBXFileReference; lastKnownFileType = sourcecode.swift; path = Sprites.swift; sourceTree = "<group>"; };
		896AF1292A8CF303004A6818 /* AllPokes.swift */ = {isa = PBXFileReference; lastKnownFileType = sourcecode.swift; path = AllPokes.swift; sourceTree = "<group>"; };
		896AF12F2A8CF3A7004A6818 /* Api.swift */ = {isa = PBXFileReference; lastKnownFileType = sourcecode.swift; path = Api.swift; sourceTree = "<group>"; };
		896AF1352A8CF47B004A6818 /* HomeListItem.swift */ = {isa = PBXFileReference; lastKnownFileType = sourcecode.swift; path = HomeListItem.swift; sourceTree = "<group>"; };
		896AF1382A8D2E80004A6818 /* PokeViewModel.swift */ = {isa = PBXFileReference; lastKnownFileType = sourcecode.swift; path = PokeViewModel.swift; sourceTree = "<group>"; };
		89FD376A2A8BD9F100081D61 /* HomeViewModel.swift */ = {isa = PBXFileReference; lastKnownFileType = sourcecode.swift; path = HomeViewModel.swift; sourceTree = "<group>"; };
/* End PBXFileReference section */

/* Begin PBXFrameworksBuildPhase section */
		8950BC412A8524280072B07C /* Frameworks */ = {
			isa = PBXFrameworksBuildPhase;
			buildActionMask = 2147483647;
			files = (
			);
			runOnlyForDeploymentPostprocessing = 0;
		};
/* End PBXFrameworksBuildPhase section */

/* Begin PBXGroup section */
		892D53E62A8A90B90039E9D4 /* Home */ = {
			isa = PBXGroup;
			children = (
				896AF1342A8CF428004A6818 /* components */,
				892D53E72A8A90CA0039E9D4 /* home.swift */,
			);
			path = Home;
			sourceTree = "<group>";
		};
		894C23E62A8E926C00CF4F82 /* Components */ = {
			isa = PBXGroup;
			children = (
				894C23E72A8E927D00CF4F82 /* Load.swift */,
			);
			path = Components;
			sourceTree = "<group>";
		};
		894C23EB2A8E9F0700CF4F82 /* Constants */ = {
			isa = PBXGroup;
			children = (
				894C23EC2A8E9F2100CF4F82 /* TypesPokemon.swift */,
			);
			path = Constants;
			sourceTree = "<group>";
		};
		8950BC3B2A8524280072B07C = {
			isa = PBXGroup;
			children = (
				8950BC462A8524280072B07C /* Pokemon */,
				8950BC452A8524280072B07C /* Products */,
			);
			sourceTree = "<group>";
		};
		8950BC452A8524280072B07C /* Products */ = {
			isa = PBXGroup;
			children = (
				8950BC442A8524280072B07C /* Pokemon.app */,
			);
			name = Products;
			sourceTree = "<group>";
		};
		8950BC462A8524280072B07C /* Pokemon */ = {
			isa = PBXGroup;
			children = (
				894C23EB2A8E9F0700CF4F82 /* Constants */,
				894C23E62A8E926C00CF4F82 /* Components */,
				896AF1372A8CF4C2004A6818 /* View */,
				896AF12E2A8CF38E004A6818 /* Services */,
				896AF1232A8CF242004A6818 /* Model */,
				8950BC5A2A8525190072B07C /* ViewModel */,
				8950BC472A8524280072B07C /* PokemonApp.swift */,
				8950BC4B2A8524280072B07C /* Assets.xcassets */,
				8950BC4D2A8524280072B07C /* Preview Content */,
				892D53F12A8AA24A0039E9D4 /* Colors.xcassets */,
			);
			path = Pokemon;
			sourceTree = "<group>";
		};
		8950BC4D2A8524280072B07C /* Preview Content */ = {
			isa = PBXGroup;
			children = (
				8950BC4E2A8524280072B07C /* Preview Assets.xcassets */,
			);
			path = "Preview Content";
			sourceTree = "<group>";
		};
		8950BC5A2A8525190072B07C /* ViewModel */ = {
			isa = PBXGroup;
			children = (
				89FD376A2A8BD9F100081D61 /* HomeViewModel.swift */,
				896AF1382A8D2E80004A6818 /* PokeViewModel.swift */,
			);
			path = ViewModel;
			sourceTree = "<group>";
		};
		896AF1232A8CF242004A6818 /* Model */ = {
			isa = PBXGroup;
			children = (
				896AF1242A8CF255004A6818 /* Pokemon.swift */,
				896AF1262A8CF266004A6818 /* Sprites.swift */,
				896AF1292A8CF303004A6818 /* AllPokes.swift */,
			);
			path = Model;
			sourceTree = "<group>";
		};
		896AF12E2A8CF38E004A6818 /* Services */ = {
			isa = PBXGroup;
			children = (
				896AF12F2A8CF3A7004A6818 /* Api.swift */,
				891216852A8E46C70071987F /* Captalize.swift */,
				894C23EE2A8EA10F00CF4F82 /* GetColorByType.swift */,
				894C23F02A8EACB100CF4F82 /* Hexadecimal.swift */,
			);
			path = Services;
			sourceTree = "<group>";
		};
		896AF1342A8CF428004A6818 /* components */ = {
			isa = PBXGroup;
			children = (
				896AF1352A8CF47B004A6818 /* HomeListItem.swift */,
				894C23E42A8E8BE000CF4F82 /* HomeList.swift */,
				894C23E92A8E95EC00CF4F82 /* HomeImage.swift */,
			);
			path = components;
			sourceTree = "<group>";
		};
		896AF1372A8CF4C2004A6818 /* View */ = {
			isa = PBXGroup;
			children = (
				892D53E62A8A90B90039E9D4 /* Home */,
			);
			path = View;
			sourceTree = "<group>";
		};
/* End PBXGroup section */

/* Begin PBXNativeTarget section */
		8950BC432A8524280072B07C /* Pokemon */ = {
			isa = PBXNativeTarget;
			buildConfigurationList = 8950BC522A8524280072B07C /* Build configuration list for PBXNativeTarget "Pokemon" */;
			buildPhases = (
				8950BC402A8524280072B07C /* Sources */,
				8950BC412A8524280072B07C /* Frameworks */,
				8950BC422A8524280072B07C /* Resources */,
			);
			buildRules = (
			);
			dependencies = (
			);
			name = Pokemon;
			productName = Pokemon;
			productReference = 8950BC442A8524280072B07C /* Pokemon.app */;
			productType = "com.apple.product-type.application";
		};
/* End PBXNativeTarget section */

/* Begin PBXProject section */
		8950BC3C2A8524280072B07C /* Project object */ = {
			isa = PBXProject;
			attributes = {
				BuildIndependentTargetsInParallel = 1;
				LastSwiftUpdateCheck = 1430;
				LastUpgradeCheck = 1430;
				TargetAttributes = {
					8950BC432A8524280072B07C = {
						CreatedOnToolsVersion = 14.3.1;
					};
				};
			};
			buildConfigurationList = 8950BC3F2A8524280072B07C /* Build configuration list for PBXProject "Pokemon" */;
			compatibilityVersion = "Xcode 14.0";
			developmentRegion = en;
			hasScannedForEncodings = 0;
			knownRegions = (
				en,
				Base,
			);
			mainGroup = 8950BC3B2A8524280072B07C;
			packageReferences = (
			);
			productRefGroup = 8950BC452A8524280072B07C /* Products */;
			projectDirPath = "";
			projectRoot = "";
			targets = (
				8950BC432A8524280072B07C /* Pokemon */,
			);
		};
/* End PBXProject section */

/* Begin PBXResourcesBuildPhase section */
		8950BC422A8524280072B07C /* Resources */ = {
			isa = PBXResourcesBuildPhase;
			buildActionMask = 2147483647;
			files = (
				892D53F22A8AA24A0039E9D4 /* Colors.xcassets in Resources */,
				8950BC4F2A8524280072B07C /* Preview Assets.xcassets in Resources */,
				8950BC4C2A8524280072B07C /* Assets.xcassets in Resources */,
			);
			runOnlyForDeploymentPostprocessing = 0;
		};
/* End PBXResourcesBuildPhase section */

/* Begin PBXSourcesBuildPhase section */
		8950BC402A8524280072B07C /* Sources */ = {
			isa = PBXSourcesBuildPhase;
			buildActionMask = 2147483647;
			files = (
				896AF12A2A8CF303004A6818 /* AllPokes.swift in Sources */,
				894C23F12A8EACB100CF4F82 /* Hexadecimal.swift in Sources */,
				894C23EF2A8EA10F00CF4F82 /* GetColorByType.swift in Sources */,
				894C23E82A8E927D00CF4F82 /* Load.swift in Sources */,
				896AF1362A8CF47B004A6818 /* HomeListItem.swift in Sources */,
				892D53E82A8A90CA0039E9D4 /* home.swift in Sources */,
				891216862A8E46C70071987F /* Captalize.swift in Sources */,
				896AF1392A8D2E80004A6818 /* PokeViewModel.swift in Sources */,
				896AF1252A8CF255004A6818 /* Pokemon.swift in Sources */,
				89FD376B2A8BD9F100081D61 /* HomeViewModel.swift in Sources */,
				896AF1272A8CF266004A6818 /* Sprites.swift in Sources */,
				894C23E52A8E8BE000CF4F82 /* HomeList.swift in Sources */,
				894C23EA2A8E95EC00CF4F82 /* HomeImage.swift in Sources */,
				8950BC482A8524280072B07C /* PokemonApp.swift in Sources */,
				896AF1302A8CF3A7004A6818 /* Api.swift in Sources */,
				894C23ED2A8E9F2100CF4F82 /* TypesPokemon.swift in Sources */,
			);
			runOnlyForDeploymentPostprocessing = 0;
		};
/* End PBXSourcesBuildPhase section */

/* Begin XCBuildConfiguration section */
		8950BC502A8524280072B07C /* Debug */ = {
			isa = XCBuildConfiguration;
			buildSettings = {
				ALWAYS_SEARCH_USER_PATHS = NO;
				CLANG_ANALYZER_NONNULL = YES;
				CLANG_ANALYZER_NUMBER_OBJECT_CONVERSION = YES_AGGRESSIVE;
				CLANG_CXX_LANGUAGE_STANDARD = "gnu++20";
				CLANG_ENABLE_MODULES = YES;
				CLANG_ENABLE_OBJC_ARC = YES;
				CLANG_ENABLE_OBJC_WEAK = YES;
				CLANG_WARN_BLOCK_CAPTURE_AUTORELEASING = YES;
				CLANG_WARN_BOOL_CONVERSION = YES;
				CLANG_WARN_COMMA = YES;
				CLANG_WARN_CONSTANT_CONVERSION = YES;
				CLANG_WARN_DEPRECATED_OBJC_IMPLEMENTATIONS = YES;
				CLANG_WARN_DIRECT_OBJC_ISA_USAGE = YES_ERROR;
				CLANG_WARN_DOCUMENTATION_COMMENTS = YES;
				CLANG_WARN_EMPTY_BODY = YES;
				CLANG_WARN_ENUM_CONVERSION = YES;
				CLANG_WARN_INFINITE_RECURSION = YES;
				CLANG_WARN_INT_CONVERSION = YES;
				CLANG_WARN_NON_LITERAL_NULL_CONVERSION = YES;
				CLANG_WARN_OBJC_IMPLICIT_RETAIN_SELF = YES;
				CLANG_WARN_OBJC_LITERAL_CONVERSION = YES;
				CLANG_WARN_OBJC_ROOT_CLASS = YES_ERROR;
				CLANG_WARN_QUOTED_INCLUDE_IN_FRAMEWORK_HEADER = YES;
				CLANG_WARN_RANGE_LOOP_ANALYSIS = YES;
				CLANG_WARN_STRICT_PROTOTYPES = YES;
				CLANG_WARN_SUSPICIOUS_MOVE = YES;
				CLANG_WARN_UNGUARDED_AVAILABILITY = YES_AGGRESSIVE;
				CLANG_WARN_UNREACHABLE_CODE = YES;
				CLANG_WARN__DUPLICATE_METHOD_MATCH = YES;
				COPY_PHASE_STRIP = NO;
				DEBUG_INFORMATION_FORMAT = dwarf;
				ENABLE_STRICT_OBJC_MSGSEND = YES;
				ENABLE_TESTABILITY = YES;
				GCC_C_LANGUAGE_STANDARD = gnu11;
				GCC_DYNAMIC_NO_PIC = NO;
				GCC_NO_COMMON_BLOCKS = YES;
				GCC_OPTIMIZATION_LEVEL = 0;
				GCC_PREPROCESSOR_DEFINITIONS = (
					"DEBUG=1",
					"$(inherited)",
				);
				GCC_WARN_64_TO_32_BIT_CONVERSION = YES;
				GCC_WARN_ABOUT_RETURN_TYPE = YES_ERROR;
				GCC_WARN_UNDECLARED_SELECTOR = YES;
				GCC_WARN_UNINITIALIZED_AUTOS = YES_AGGRESSIVE;
				GCC_WARN_UNUSED_FUNCTION = YES;
				GCC_WARN_UNUSED_VARIABLE = YES;
				IPHONEOS_DEPLOYMENT_TARGET = 16.4;
				MTL_ENABLE_DEBUG_INFO = INCLUDE_SOURCE;
				MTL_FAST_MATH = YES;
				ONLY_ACTIVE_ARCH = YES;
				SDKROOT = iphoneos;
				SWIFT_ACTIVE_COMPILATION_CONDITIONS = DEBUG;
				SWIFT_OPTIMIZATION_LEVEL = "-Onone";
			};
			name = Debug;
		};
		8950BC512A8524280072B07C /* Release */ = {
			isa = XCBuildConfiguration;
			buildSettings = {
				ALWAYS_SEARCH_USER_PATHS = NO;
				CLANG_ANALYZER_NONNULL = YES;
				CLANG_ANALYZER_NUMBER_OBJECT_CONVERSION = YES_AGGRESSIVE;
				CLANG_CXX_LANGUAGE_STANDARD = "gnu++20";
				CLANG_ENABLE_MODULES = YES;
				CLANG_ENABLE_OBJC_ARC = YES;
				CLANG_ENABLE_OBJC_WEAK = YES;
				CLANG_WARN_BLOCK_CAPTURE_AUTORELEASING = YES;
				CLANG_WARN_BOOL_CONVERSION = YES;
				CLANG_WARN_COMMA = YES;
				CLANG_WARN_CONSTANT_CONVERSION = YES;
				CLANG_WARN_DEPRECATED_OBJC_IMPLEMENTATIONS = YES;
				CLANG_WARN_DIRECT_OBJC_ISA_USAGE = YES_ERROR;
				CLANG_WARN_DOCUMENTATION_COMMENTS = YES;
				CLANG_WARN_EMPTY_BODY = YES;
				CLANG_WARN_ENUM_CONVERSION = YES;
				CLANG_WARN_INFINITE_RECURSION = YES;
				CLANG_WARN_INT_CONVERSION = YES;
				CLANG_WARN_NON_LITERAL_NULL_CONVERSION = YES;
				CLANG_WARN_OBJC_IMPLICIT_RETAIN_SELF = YES;
				CLANG_WARN_OBJC_LITERAL_CONVERSION = YES;
				CLANG_WARN_OBJC_ROOT_CLASS = YES_ERROR;
				CLANG_WARN_QUOTED_INCLUDE_IN_FRAMEWORK_HEADER = YES;
				CLANG_WARN_RANGE_LOOP_ANALYSIS = YES;
				CLANG_WARN_STRICT_PROTOTYPES = YES;
				CLANG_WARN_SUSPICIOUS_MOVE = YES;
				CLANG_WARN_UNGUARDED_AVAILABILITY = YES_AGGRESSIVE;
				CLANG_WARN_UNREACHABLE_CODE = YES;
				CLANG_WARN__DUPLICATE_METHOD_MATCH = YES;
				COPY_PHASE_STRIP = NO;
				DEBUG_INFORMATION_FORMAT = "dwarf-with-dsym";
				ENABLE_NS_ASSERTIONS = NO;
				ENABLE_STRICT_OBJC_MSGSEND = YES;
				GCC_C_LANGUAGE_STANDARD = gnu11;
				GCC_NO_COMMON_BLOCKS = YES;
				GCC_WARN_64_TO_32_BIT_CONVERSION = YES;
				GCC_WARN_ABOUT_RETURN_TYPE = YES_ERROR;
				GCC_WARN_UNDECLARED_SELECTOR = YES;
				GCC_WARN_UNINITIALIZED_AUTOS = YES_AGGRESSIVE;
				GCC_WARN_UNUSED_FUNCTION = YES;
				GCC_WARN_UNUSED_VARIABLE = YES;
				IPHONEOS_DEPLOYMENT_TARGET = 16.4;
				MTL_ENABLE_DEBUG_INFO = NO;
				MTL_FAST_MATH = YES;
				SDKROOT = iphoneos;
				SWIFT_COMPILATION_MODE = wholemodule;
				SWIFT_OPTIMIZATION_LEVEL = "-O";
				VALIDATE_PRODUCT = YES;
			};
			name = Release;
		};
		8950BC532A8524280072B07C /* Debug */ = {
			isa = XCBuildConfiguration;
			buildSettings = {
				ASSETCATALOG_COMPILER_APPICON_NAME = AppIcon;
				ASSETCATALOG_COMPILER_GLOBAL_ACCENT_COLOR_NAME = AccentColor;
				CODE_SIGN_STYLE = Automatic;
				CURRENT_PROJECT_VERSION = 1;
				DEVELOPMENT_ASSET_PATHS = "\"Pokemon/Preview Content\"";
				DEVELOPMENT_TEAM = G625UPV6D7;
				ENABLE_PREVIEWS = YES;
				GENERATE_INFOPLIST_FILE = YES;
				INFOPLIST_KEY_UIApplicationSceneManifest_Generation = YES;
				INFOPLIST_KEY_UIApplicationSupportsIndirectInputEvents = YES;
				INFOPLIST_KEY_UILaunchScreen_Generation = YES;
				INFOPLIST_KEY_UISupportedInterfaceOrientations_iPad = "UIInterfaceOrientationPortrait UIInterfaceOrientationPortraitUpsideDown UIInterfaceOrientationLandscapeLeft UIInterfaceOrientationLandscapeRight";
				INFOPLIST_KEY_UISupportedInterfaceOrientations_iPhone = "UIInterfaceOrientationPortrait UIInterfaceOrientationLandscapeLeft UIInterfaceOrientationLandscapeRight";
				LD_RUNPATH_SEARCH_PATHS = (
					"$(inherited)",
					"@executable_path/Frameworks",
				);
				MARKETING_VERSION = 1.0;
				PRODUCT_BUNDLE_IDENTIFIER = bh.pokemon.com.Pokemon;
				PRODUCT_NAME = "$(TARGET_NAME)";
				SWIFT_EMIT_LOC_STRINGS = YES;
				SWIFT_VERSION = 5.0;
				TARGETED_DEVICE_FAMILY = "1,2";
			};
			name = Debug;
		};
		8950BC542A8524280072B07C /* Release */ = {
			isa = XCBuildConfiguration;
			buildSettings = {
				ASSETCATALOG_COMPILER_APPICON_NAME = AppIcon;
				ASSETCATALOG_COMPILER_GLOBAL_ACCENT_COLOR_NAME = AccentColor;
				CODE_SIGN_STYLE = Automatic;
				CURRENT_PROJECT_VERSION = 1;
				DEVELOPMENT_ASSET_PATHS = "\"Pokemon/Preview Content\"";
				DEVELOPMENT_TEAM = G625UPV6D7;
				ENABLE_PREVIEWS = YES;
				GENERATE_INFOPLIST_FILE = YES;
				INFOPLIST_KEY_UIApplicationSceneManifest_Generation = YES;
				INFOPLIST_KEY_UIApplicationSupportsIndirectInputEvents = YES;
				INFOPLIST_KEY_UILaunchScreen_Generation = YES;
				INFOPLIST_KEY_UISupportedInterfaceOrientations_iPad = "UIInterfaceOrientationPortrait UIInterfaceOrientationPortraitUpsideDown UIInterfaceOrientationLandscapeLeft UIInterfaceOrientationLandscapeRight";
				INFOPLIST_KEY_UISupportedInterfaceOrientations_iPhone = "UIInterfaceOrientationPortrait UIInterfaceOrientationLandscapeLeft UIInterfaceOrientationLandscapeRight";
				LD_RUNPATH_SEARCH_PATHS = (
					"$(inherited)",
					"@executable_path/Frameworks",
				);
				MARKETING_VERSION = 1.0;
				PRODUCT_BUNDLE_IDENTIFIER = bh.pokemon.com.Pokemon;
				PRODUCT_NAME = "$(TARGET_NAME)";
				SWIFT_EMIT_LOC_STRINGS = YES;
				SWIFT_VERSION = 5.0;
				TARGETED_DEVICE_FAMILY = "1,2";
			};
			name = Release;
		};
/* End XCBuildConfiguration section */

/* Begin XCConfigurationList section */
		8950BC3F2A8524280072B07C /* Build configuration list for PBXProject "Pokemon" */ = {
			isa = XCConfigurationList;
			buildConfigurations = (
				8950BC502A8524280072B07C /* Debug */,
				8950BC512A8524280072B07C /* Release */,
			);
			defaultConfigurationIsVisible = 0;
			defaultConfigurationName = Release;
		};
		8950BC522A8524280072B07C /* Build configuration list for PBXNativeTarget "Pokemon" */ = {
			isa = XCConfigurationList;
			buildConfigurations = (
				8950BC532A8524280072B07C /* Debug */,
				8950BC542A8524280072B07C /* Release */,
			);
			defaultConfigurationIsVisible = 0;
			defaultConfigurationName = Release;
		};
/* End XCConfigurationList section */
	};
	rootObject = 8950BC3C2A8524280072B07C /* Project object */;
}
